
Microsoft Visual Studio Solution File, Format Version 11.00
# Visual Studio 2010
Project("{2150E333-8FDC-42A3-9474-1A3956D46DE8}") = "DAL", "DAL", "{F25EE74F-6B02-45B4-A748-AC76D28DBA97}"
EndProject
Project("{2150E333-8FDC-42A3-9474-1A3956D46DE8}") = "Presentation", "Presentation", "{20933818-158A-4BA3-A5C0-EE693F44B99E}"
EndProject
Project("{FAE04EC0-301F-11D3-BF4B-00C04F79EFBC}") = "appTractor", "appTractor\appTractor.csproj", "{C2B8C01C-AE0C-483E-B468-38C08D1EB80B}"
EndProject
Project("{FAE04EC0-301F-11D3-BF4B-00C04F79EFBC}") = "dalTractor", "dalTractor\dalTractor.csproj", "{A30B505D-4E60-45A5-A185-43F6A99C847B}"
EndProject
Project("{54435603-DBB4-11D2-8724-00A0C9A8B90C}") = "LaksiTractor", "LaksiTractor\LaksiTractor.vdproj", "{BF5E4E4C-D548-4D24-8BBE-1A05AC9F8051}"
EndProject
Global
	GlobalSection(SolutionConfigurationPlatforms) = preSolution
		Debug|Any CPU = Debug|Any CPU
		Release|Any CPU = Release|Any CPU
	EndGlobalSection
	GlobalSection(ProjectConfigurationPlatforms) = postSolution
		{C2B8C01C-AE0C-483E-B468-38C08D1EB80B}.Debug|Any CPU.ActiveCfg = Debug|Any CPU
		{C2B8C01C-AE0C-483E-B468-38C08D1EB80B}.Debug|Any CPU.Build.0 = Debug|Any CPU
		{C2B8C01C-AE0C-483E-B468-38C08D1EB80B}.Release|Any CPU.ActiveCfg = Release|Any CPU
		{C2B8C01C-AE0C-483E-B468-38C08D1EB80B}.Release|Any CPU.Build.0 = Release|Any CPU
		{A30B505D-4E60-45A5-A185-43F6A99C847B}.Debug|Any CPU.ActiveCfg = Debug|Any CPU
		{A30B505D-4E60-45A5-A185-43F6A99C847B}.Debug|Any CPU.Build.0 = Debug|Any CPU
		{A30B505D-4E60-45A5-A185-43F6A99C847B}.Release|Any CPU.ActiveCfg = Release|Any CPU
		{A30B505D-4E60-45A5-A185-43F6A99C847B}.Release|Any CPU.Build.0 = Release|Any CPU
		{BF5E4E4C-D548-4D24-8BBE-1A05AC9F8051}.Debug|Any CPU.ActiveCfg = Debug
		{BF5E4E4C-D548-4D24-8BBE-1A05AC9F8051}.Release|Any CPU.ActiveCfg = Release
	EndGlobalSection
	GlobalSection(SolutionProperties) = preSolution
		HideSolutionNode = FALSE
	EndGlobalSection
	GlobalSection(NestedProjects) = preSolution
		{A30B505D-4E60-45A5-A185-43F6A99C847B} = {F25EE74F-6B02-45B4-A748-AC76D28DBA97}
		{C2B8C01C-AE0C-483E-B468-38C08D1EB80B} = {20933818-158A-4BA3-A5C0-EE693F44B99E}
	EndGlobalSection
EndGlobal
